
Microsoft Visual Studio Solution File, Format Version 12.00
# Visual Studio 14
VisualStudioVersion = 14.0.23107.0
MinimumVisualStudioVersion = 10.0.40219.1
Project("{FAE04EC0-301F-11D3-BF4B-00C04F79EFBC}") = "webgl", "webgl\webgl.csproj", "{93E53F17-98FE-49C9-AA85-5461390F7885}"
EndProject
Global
	GlobalSection(SolutionConfigurationPlatforms) = preSolution
		Debug|Any CPU = Debug|Any CPU
		Release|Any CPU = Release|Any CPU
	EndGlobalSection
	GlobalSection(ProjectConfigurationPlatforms) = postSolution
		{93E53F17-98FE-49C9-AA85-5461390F7885}.Debug|Any CPU.ActiveCfg = Debug|Any CPU
		{93E53F17-98FE-49C9-AA85-5461390F7885}.Debug|Any CPU.Build.0 = Debug|Any CPU
		{93E53F17-98FE-49C9-AA85-5461390F7885}.Release|Any CPU.ActiveCfg = Release|Any CPU
		{93E53F17-98FE-49C9-AA85-5461390F7885}.Release|Any CPU.Build.0 = Release|Any CPU
	EndGlobalSection
	GlobalSection(SolutionProperties) = preSolution
		HideSolutionNode = FALSE
	EndGlobalSection
EndGlobal
